Microsoft Visual Studio Solution File, Format Version 12.00
# Visual Studio Version 17
VisualStudioVersion = 17.4.33213.308
MinimumVisualStudioVersion = 10.0.40219.1
Project("{9A19103F-16F7-4668-BE54-9A1E7A4F7556}") = "CommandSystem", "CommandSystem\CommandSystem.csproj", "{B684606B-4A0F-409E-A162-B59AABA1B940}"
EndProject
Project("{FAE04EC0-301F-11D3-BF4B-00C04F79EFBC}") = "ServerTestConsole", "TestServerConsole\ServerTestConsole.csproj", "{CFBBDA1B-F070-4536-82A9-08CCF0DA66A7}"
EndProject
Project("{FAE04EC0-301F-11D3-BF4B-00C04F79EFBC}") = "TestConsole", "TestConosle\TestConsole.csproj", "{9B4F2B5E-F56B-4856-AFAB-204A44D79D0C}"
EndProject
Global
	GlobalSection(SolutionConfigurationPlatforms) = preSolution
		Debug|Any CPU = Debug|Any CPU
		Release|Any CPU = Release|Any CPU
	EndGlobalSection
	GlobalSection(ProjectConfigurationPlatforms) = postSolution
		{B684606B-4A0F-409E-A162-B59AABA1B940}.Debug|Any CPU.ActiveCfg = Debug|Any CPU
		{B684606B-4A0F-409E-A162-B59AABA1B940}.Debug|Any CPU.Build.0 = Debug|Any CPU
		{B684606B-4A0F-409E-A162-B59AABA1B940}.Release|Any CPU.ActiveCfg = Release|Any CPU
		{B684606B-4A0F-409E-A162-B59AABA1B940}.Release|Any CPU.Build.0 = Release|Any CPU
		{CFBBDA1B-F070-4536-82A9-08CCF0DA66A7}.Debug|Any CPU.ActiveCfg = Debug|Any CPU
		{CFBBDA1B-F070-4536-82A9-08CCF0DA66A7}.Debug|Any CPU.Build.0 = Debug|Any CPU
		{CFBBDA1B-F070-4536-82A9-08CCF0DA66A7}.Release|Any CPU.ActiveCfg = Release|Any CPU
		{CFBBDA1B-F070-4536-82A9-08CCF0DA66A7}.Release|Any CPU.Build.0 = Release|Any CPU
		{9B4F2B5E-F56B-4856-AFAB-204A44D79D0C}.Debug|Any CPU.ActiveCfg = Debug|Any CPU
		{9B4F2B5E-F56B-4856-AFAB-204A44D79D0C}.Debug|Any CPU.Build.0 = Debug|Any CPU
		{9B4F2B5E-F56B-4856-AFAB-204A44D79D0C}.Release|Any CPU.ActiveCfg = Release|Any CPU
		{9B4F2B5E-F56B-4856-AFAB-204A44D79D0C}.Release|Any CPU.Build.0 = Release|Any CPU
	EndGlobalSection
	GlobalSection(SolutionProperties) = preSolution
		HideSolutionNode = FALSE
	EndGlobalSection
	GlobalSection(ExtensibilityGlobals) = postSolution
		SolutionGuid = {6A3580DA-EB93-4A14-9263-9C8450E76661}
	EndGlobalSection
EndGlobal
