
Microsoft Visual Studio Solution File, Format Version 12.00
# Visual Studio Version 17
VisualStudioVersion = 17.4.33213.308
MinimumVisualStudioVersion = 10.0.40219.1
Project("{FAE04EC0-301F-11D3-BF4B-00C04F79EFBC}") = "TestConsole", "TestConsole.csproj", "{57773551-DC75-47FE-B50A-AEB0D70A5F93}"
EndProject
Project("{FAE04EC0-301F-11D3-BF4B-00C04F79EFBC}") = "CLISystem", "..\CLIConsoleSystem\CLISystem.csproj", "{3AFD457F-6250-40BD-A213-07D01C567A1C}"
EndProject
Global
	GlobalSection(SolutionConfigurationPlatforms) = preSolution
		Debug|Any CPU = Debug|Any CPU
		Release|Any CPU = Release|Any CPU
	EndGlobalSection
	GlobalSection(ProjectConfigurationPlatforms) = postSolution
		{57773551-DC75-47FE-B50A-AEB0D70A5F93}.Debug|Any CPU.ActiveCfg = Debug|Any CPU
		{57773551-DC75-47FE-B50A-AEB0D70A5F93}.Debug|Any CPU.Build.0 = Debug|Any CPU
		{57773551-DC75-47FE-B50A-AEB0D70A5F93}.Release|Any CPU.ActiveCfg = Release|Any CPU
		{57773551-DC75-47FE-B50A-AEB0D70A5F93}.Release|Any CPU.Build.0 = Release|Any CPU
		{3AFD457F-6250-40BD-A213-07D01C567A1C}.Debug|Any CPU.ActiveCfg = Debug|Any CPU
		{3AFD457F-6250-40BD-A213-07D01C567A1C}.Debug|Any CPU.Build.0 = Debug|Any CPU
		{3AFD457F-6250-40BD-A213-07D01C567A1C}.Release|Any CPU.ActiveCfg = Release|Any CPU
		{3AFD457F-6250-40BD-A213-07D01C567A1C}.Release|Any CPU.Build.0 = Release|Any CPU
	EndGlobalSection
	GlobalSection(SolutionProperties) = preSolution
		HideSolutionNode = FALSE
	EndGlobalSection
	GlobalSection(ExtensibilityGlobals) = postSolution
		SolutionGuid = {2EA33BD9-C8D9-4550-87EF-CAAC4FA3E684}
	EndGlobalSection
EndGlobal
